{
  "name": "@qqi/dev-log",
  "version": "0.3.5",
  "lockfileVersion": 3,
  "requires": true,
  "packages": {
    "": {
      "name": "@qqi/dev-log",
      "version": "0.3.5",
      "license": "MIT",
      "dependencies": {
        "@color-pen/static": "^0.0.2",
        "a-js-tools": "^0.6.2",
        "a-type-of-js": "^0.3.0",
        "color-pen": "^2.0.3"
      }
    },
    "node_modules/@color-pen/static": {
      "version": "0.0.2",
      "resolved": "https://registry.npmjs.org/@color-pen/static/-/static-0.0.2.tgz",
      "integrity": "sha512-Koji6leQnNjjQIF1C5UKVLsLrzBkTeECdoVCWUW0ftetg/FtIvMETs1wUwIJXNtNmN9SjXRKpVI/Uy9j0jfI8A==",
      "license": "MIT",
      "engines": {
        "node": ">=12.0.0"
      }
    },
    "node_modules/a-js-tools": {
      "version": "0.6.2",
      "resolved": "https://registry.npmjs.org/a-js-tools/-/a-js-tools-0.6.2.tgz",
      "integrity": "sha512-Xw+tPG+VWAMR0LxSbR36q9E4bwrd2TXJpvOseSRbCwKtCd57/zR0p8qBLa03r4B9KRge2/VPDxQyYdapZGdeew==",
      "license": "MIT",
      "dependencies": {
        "a-type-of-js": ">=0.3.0 <1.0.0"
      },
      "engines": {
        "node": ">=15.0.0"
      }
    },
    "node_modules/a-type-of-js": {
      "version": "0.3.0",
      "resolved": "https://registry.npmjs.org/a-type-of-js/-/a-type-of-js-0.3.0.tgz",
      "integrity": "sha512-nK2uF6QNW4BzcmjW3LPMsGUXfvOGLj4ZeJqeEByEd6fXJUeMNzrUVWzegUCbx2BewvFypQQ9kR6L7MCyYjG3Gw==",
      "license": "MIT"
    },
    "node_modules/color-pen": {
      "version": "2.0.3",
      "resolved": "https://registry.npmjs.org/color-pen/-/color-pen-2.0.3.tgz",
      "integrity": "sha512-L31oa09XFkwXBOgfBuRWtO83UVLjCHKfEPDYxeedzSsWOFUZ3v5mXvEgPi9q0/bEKhMYBhvsV0lTN8zXWmZciQ==",
      "license": "MIT",
      "dependencies": {
        "@color-pen/static": ">=0.0.2 <1.0.0",
        "a-js-tools": ">=0.6.2 <1.0.0",
        "a-type-of-js": ">=0.3.0 <1.0.0"
      },
      "engines": {
        "node": ">=12.0.0"
      }
    }
  }
}
