{
  "name": "@qqi/log",
  "version": "0.0.3-alpha.0",
  "lockfileVersion": 3,
  "requires": true,
  "packages": {
    "": {
      "name": "@qqi/log",
      "version": "0.0.3-alpha.0",
      "license": "MIT",
      "dependencies": {
        "@color-pen/static": "^1.0.0",
        "a-js-tools": "^1.0.8",
        "a-type-of-js": "^1.0.5",
        "color-pen": "^2.0.12"
      }
    },
    "node_modules/@color-pen/static": {
      "version": "1.0.0",
      "resolved": "https://registry.npmjs.org/@color-pen/static/-/static-1.0.0.tgz",
      "integrity": "sha512-iHgpdpOwLNMiPF/OrBH3O1Dic/bUZ2Sm6rApSCIR+gcY5oYkIY5iZQ2jRgG/9xv5ozA3hJf9pEeBBM5CmLfjTg==",
      "license": "MIT",
      "engines": {
        "node": ">=12.0.0"
      }
    },
    "node_modules/a-js-tools": {
      "version": "1.0.8",
      "resolved": "https://registry.npmjs.org/a-js-tools/-/a-js-tools-1.0.8.tgz",
      "integrity": "sha512-4Ab/WNdO61vY0pIigesYuDW7KJuefVh4Y/UDncFXpObJF4fH5eO50wM0qofMAgWm0mLayz3NKdX7PqQ83sPw/w==",
      "license": "MIT",
      "dependencies": {
        "a-type-of-js": "^1.0.5"
      },
      "engines": {
        "node": ">=15.0.0"
      }
    },
    "node_modules/a-type-of-js": {
      "version": "1.0.5",
      "resolved": "https://registry.npmjs.org/a-type-of-js/-/a-type-of-js-1.0.5.tgz",
      "integrity": "sha512-juid2xBG8CGAfUOR+Mm8YtueQJUfFRCba/2mu2YFXICq3oqa8pNey+vwmWF2jXIrCbIKCNQzolsxIPPrdPMK+Q==",
      "license": "MIT"
    },
    "node_modules/color-pen": {
      "version": "2.0.12",
      "resolved": "https://registry.npmjs.org/color-pen/-/color-pen-2.0.12.tgz",
      "integrity": "sha512-yAeIhIBMs0dM3qvSwRtUtaiEUccEK5zrdqHbth13318iUx4ArzH/P6NVTyu9E8n6RrXnW69ceopEg1pR8giPEg==",
      "license": "MIT",
      "dependencies": {
        "@color-pen/static": "^1.0.0",
        "a-js-tools": "^1.0.8",
        "a-type-of-js": "^1.0.5"
      },
      "engines": {
        "node": ">=12.0.0"
      }
    }
  }
}
