{
  "name": "@qqi/rollup-external",
  "version": "1.0.4",
  "lockfileVersion": 3,
  "requires": true,
  "packages": {
    "": {
      "name": "@qqi/rollup-external",
      "version": "1.0.4",
      "license": "MIT",
      "dependencies": {
        "@qqi/copy-text": "^1.0.2",
        "a-node-tools": "^4.2.6",
        "a-type-of-js": "^1.0.1",
        "color-pen": "^2.0.10"
      }
    },
    "node_modules/@color-pen/static": {
      "version": "1.0.0",
      "resolved": "https://registry.npmjs.org/@color-pen/static/-/static-1.0.0.tgz",
      "integrity": "sha512-iHgpdpOwLNMiPF/OrBH3O1Dic/bUZ2Sm6rApSCIR+gcY5oYkIY5iZQ2jRgG/9xv5ozA3hJf9pEeBBM5CmLfjTg==",
      "license": "MIT",
      "engines": {
        "node": ">=12.0.0"
      }
    },
    "node_modules/@qqi/copy-text": {
      "version": "1.0.2",
      "resolved": "https://registry.npmjs.org/@qqi/copy-text/-/copy-text-1.0.2.tgz",
      "integrity": "sha512-1tGM6PLEPfAqv0xBSrrGFPfeYf5AbIyT/u0tU/n50Ec2vLkG1DYVACt0QSNWrx9kZlj1rK3QIWfmG6FA1bPbZQ==",
      "license": "MIT",
      "dependencies": {
        "a-js-tools": "^1.0.0",
        "a-node-tools": "^4.2.5"
      }
    },
    "node_modules/@qqi/dev-log": {
      "version": "1.0.3",
      "resolved": "https://registry.npmjs.org/@qqi/dev-log/-/dev-log-1.0.3.tgz",
      "integrity": "sha512-+gyoefzPBruz0ahDEj/TerkhksH3KM185Is9PimsScvYlzj06o6tAOzikE4YH1j1ndehBK0m8wThsTJwunN5HQ==",
      "license": "MIT",
      "dependencies": {
        "@color-pen/static": "^1.0.0",
        "a-js-tools": "^1.0.0",
        "a-type-of-js": "^1.0.1",
        "color-pen": "^2.0.10"
      }
    },
    "node_modules/a-js-tools": {
      "version": "1.0.0",
      "resolved": "https://registry.npmjs.org/a-js-tools/-/a-js-tools-1.0.0.tgz",
      "integrity": "sha512-oDrhLU3YbQiDb3KKy3dheNtnaxu9KdmiLxkgpVvU0gDYYZsUkeQ6Y5h61iudvzXA89uF1wI/RaTegG7QcwMlww==",
      "license": "MIT",
      "dependencies": {
        "a-type-of-js": "^1.0.0"
      },
      "engines": {
        "node": ">=15.0.0"
      }
    },
    "node_modules/a-node-tools": {
      "version": "4.2.6",
      "resolved": "https://registry.npmjs.org/a-node-tools/-/a-node-tools-4.2.6.tgz",
      "integrity": "sha512-dprQkioipNMfzLoNT6cPZoWFMRmG/+9hEWA/qtOKM0xAOE4+GniD25x97T7miuWiFCVKXc0BlHuZa6IkJ0AfOA==",
      "license": "MIT",
      "dependencies": {
        "@color-pen/static": "^1.0.0",
        "@qqi/dev-log": "^1.0.3",
        "a-js-tools": "^1.0.0",
        "a-type-of-js": "^1.0.1",
        "color-pen": "^2.0.10"
      },
      "engines": {
        "node": ">=18.0.0"
      }
    },
    "node_modules/a-type-of-js": {
      "version": "1.0.1",
      "resolved": "https://registry.npmjs.org/a-type-of-js/-/a-type-of-js-1.0.1.tgz",
      "integrity": "sha512-sPOrLHakNUvmQqys8ofqzPnAtSqhyUZwIXmp5sn+CGQVATlc2d+vLf0I/jSNUPvGLV3Rq5A2lZmaOlRWtuoVzw==",
      "license": "MIT"
    },
    "node_modules/color-pen": {
      "version": "2.0.10",
      "resolved": "https://registry.npmjs.org/color-pen/-/color-pen-2.0.10.tgz",
      "integrity": "sha512-zEEoUIz6q7lBcfxWBDlC+GZrp7/K4hW7eC5seCuLUDgrDi9FAsboPg7p4ASm93qeum90VgWwryQHSVN/Q8vG0Q==",
      "license": "MIT",
      "dependencies": {
        "@color-pen/static": "^1.0.0",
        "a-js-tools": "^1.0.0",
        "a-type-of-js": "^1.0.0"
      },
      "engines": {
        "node": ">=12.0.0"
      }
    }
  }
}
