{
  "name": "@qqi/check-version",
  "version": "1.0.0",
  "lockfileVersion": 3,
  "requires": true,
  "packages": {
    "": {
      "name": "@qqi/check-version",
      "version": "1.0.0",
      "license": "MIT",
      "dependencies": {
        "a-command": "^2.2.4",
        "a-js-tools": "^1.0.0",
        "a-node-tools": "^4.2.0",
        "a-type-of-js": "^1.0.0"
      }
    },
    "node_modules/@color-pen/static": {
      "version": "1.0.0",
      "resolved": "https://registry.npmjs.org/@color-pen/static/-/static-1.0.0.tgz",
      "integrity": "sha512-iHgpdpOwLNMiPF/OrBH3O1Dic/bUZ2Sm6rApSCIR+gcY5oYkIY5iZQ2jRgG/9xv5ozA3hJf9pEeBBM5CmLfjTg==",
      "license": "MIT",
      "engines": {
        "node": ">=12.0.0"
      }
    },
    "node_modules/@qqi/dev-log": {
      "version": "1.0.0",
      "resolved": "https://registry.npmjs.org/@qqi/dev-log/-/dev-log-1.0.0.tgz",
      "integrity": "sha512-ivWNEWcYFZc9xTjDWiiuq1qi0aBGdQJ0a5cKuN4Bd2NujXkPvQI5YYdBID5vgyd5ZJiD1CGH9iBnvsP92gSAxQ==",
      "license": "MIT",
      "dependencies": {
        "@color-pen/static": "^1.0.0",
        "a-js-tools": "^1.0.0",
        "a-type-of-js": "^1.0.0",
        "color-pen": "^2.0.10"
      }
    },
    "node_modules/a-command": {
      "version": "2.2.4",
      "resolved": "https://registry.npmjs.org/a-command/-/a-command-2.2.4.tgz",
      "integrity": "sha512-yahOBd2n92NpEZl94SEdhMqF6KQPgbwRKWu8/XjQ2svoyE+ZQsLhcGTpupOrgBrVUXa1RQXENToD4veTmSTVGw==",
      "license": "MIT",
      "dependencies": {
        "@color-pen/static": "^1.0.0",
        "@qqi/dev-log": "^1.0.0",
        "a-js-tools": "^1.0.0",
        "a-node-tools": "^4.2.0",
        "a-type-of-js": "^1.0.0",
        "color-pen": "^2.0.10"
      },
      "bin": {
        "a-command": "bin.js"
      }
    },
    "node_modules/a-js-tools": {
      "version": "1.0.0",
      "resolved": "https://registry.npmjs.org/a-js-tools/-/a-js-tools-1.0.0.tgz",
      "integrity": "sha512-oDrhLU3YbQiDb3KKy3dheNtnaxu9KdmiLxkgpVvU0gDYYZsUkeQ6Y5h61iudvzXA89uF1wI/RaTegG7QcwMlww==",
      "license": "MIT",
      "dependencies": {
        "a-type-of-js": "^1.0.0"
      },
      "engines": {
        "node": ">=15.0.0"
      }
    },
    "node_modules/a-node-tools": {
      "version": "4.2.0",
      "resolved": "https://registry.npmjs.org/a-node-tools/-/a-node-tools-4.2.0.tgz",
      "integrity": "sha512-ovwqubdPow1Q6uVDh4GFnOZSfzULA3IMi77IFDFoPniH+bCWSGmZik96sSlu7vZ24c8+srB+EUGSMoRIo/LaLQ==",
      "license": "MIT",
      "dependencies": {
        "@color-pen/static": "^1.0.0",
        "@qqi/dev-log": "^1.0.0",
        "a-js-tools": "^1.0.0",
        "a-type-of-js": "^1.0.0",
        "color-pen": "^2.0.10"
      },
      "engines": {
        "node": ">=18.0.0"
      }
    },
    "node_modules/a-type-of-js": {
      "version": "1.0.0",
      "resolved": "https://registry.npmjs.org/a-type-of-js/-/a-type-of-js-1.0.0.tgz",
      "integrity": "sha512-VmhrL7sjf4ZchwLSarbk7At+qyhMcNRJJ9K7y9N9ZzMDbePOfwE7d20k+356FyfieHcNlA0B0MukHulPmk0YFQ==",
      "license": "MIT"
    },
    "node_modules/color-pen": {
      "version": "2.0.10",
      "resolved": "https://registry.npmjs.org/color-pen/-/color-pen-2.0.10.tgz",
      "integrity": "sha512-zEEoUIz6q7lBcfxWBDlC+GZrp7/K4hW7eC5seCuLUDgrDi9FAsboPg7p4ASm93qeum90VgWwryQHSVN/Q8vG0Q==",
      "license": "MIT",
      "dependencies": {
        "@color-pen/static": "^1.0.0",
        "a-js-tools": "^1.0.0",
        "a-type-of-js": "^1.0.0"
      },
      "engines": {
        "node": ">=12.0.0"
      }
    }
  }
}
