{
  "name": "@qqi/check-version",
  "version": "0.1.0",
  "lockfileVersion": 3,
  "requires": true,
  "packages": {
    "": {
      "name": "@qqi/check-version",
      "version": "0.1.0",
      "dependencies": {
        "a-command": "^2.1.8",
        "a-js-tools": ">=0.6.1 <1.0.0",
        "a-node-tools": "^3.1.4",
        "a-type-of-js": ">=0.2.0 <1.0.0"
      }
    },
    "node_modules/@color-pen/static": {
      "version": "0.0.2",
      "resolved": "https://registry.npmjs.org/@color-pen/static/-/static-0.0.2.tgz",
      "integrity": "sha512-Koji6leQnNjjQIF1C5UKVLsLrzBkTeECdoVCWUW0ftetg/FtIvMETs1wUwIJXNtNmN9SjXRKpVI/Uy9j0jfI8A==",
      "license": "MIT",
      "engines": {
        "node": ">=12.0.0"
      }
    },
    "node_modules/@qqi/dev-log": {
      "version": "0.3.2",
      "resolved": "https://registry.npmjs.org/@qqi/dev-log/-/dev-log-0.3.2.tgz",
      "integrity": "sha512-Oub3iEZ0xpit3RmBj02JGtiJBQLEQvJirT2rb5ZtfgcIR8SqKCbKd1rTbrCw4OjGUhBdaP+8XHGkvobxP4W49g==",
      "license": "MIT",
      "dependencies": {
        "@color-pen/static": ">=0.0.2 <1.0.0",
        "a-js-tools": ">=0.6.1 <1.0.0",
        "a-type-of-js": ">=0.2.0 <1.0.0",
        "color-pen": "^2.0.2"
      }
    },
    "node_modules/a-command": {
      "version": "2.1.8",
      "resolved": "https://registry.npmjs.org/a-command/-/a-command-2.1.8.tgz",
      "integrity": "sha512-j4nciXo5H+y1FspMjKttwXchlnMntAV9foqQeZMcQcu5gkfNx4Cq6CYX2/UrVobaX6/bllvqv05eGCP7BaDRxQ==",
      "license": "ISC",
      "dependencies": {
        "@color-pen/static": ">=0.0.2 <1.0.0",
        "@qqi/dev-log": ">=0.3.2 <1.0.0",
        "a-js-tools": ">=0.6.1 <1.0.0",
        "a-node-tools": "^3.1.3",
        "a-type-of-js": ">=0.2.0 <1.0.0",
        "color-pen": "^2.0.2"
      },
      "bin": {
        "a-command": "bin.js"
      }
    },
    "node_modules/a-js-tools": {
      "version": "0.6.1",
      "resolved": "https://registry.npmjs.org/a-js-tools/-/a-js-tools-0.6.1.tgz",
      "integrity": "sha512-yvbdvYydmrQ54J4pRoZa2hSJpYjtNty2WOUmvgF0Z8bWTx2GFaNmjAuihscP8Oh71CAMb/0SpCtWj71TfaDUhg==",
      "license": "ISC",
      "dependencies": {
        "a-type-of-js": ">=0.2.0 <1.0.0"
      },
      "engines": {
        "node": ">=12.0.0"
      }
    },
    "node_modules/a-node-tools": {
      "version": "3.1.4",
      "resolved": "https://registry.npmjs.org/a-node-tools/-/a-node-tools-3.1.4.tgz",
      "integrity": "sha512-hzADfZzYlFcu9WfXux/4jchEDxB78GHPwIAmn6VBq/Pnz0tcXaQcjQoCQvkYnyXP2G7+U9fGPpaKOZBGHXrr3Q==",
      "license": "ISC",
      "dependencies": {
        "@color-pen/static": "^0.0.2",
        "@qqi/dev-log": "^0.3.2",
        "a-js-tools": ">=0.6.1 <1.0.0",
        "a-type-of-js": ">=0.2.0 <1.0.0",
        "color-pen": "^2.0.2"
      },
      "engines": {
        "node": ">=18.0.0"
      }
    },
    "node_modules/a-type-of-js": {
      "version": "0.2.0",
      "resolved": "https://registry.npmjs.org/a-type-of-js/-/a-type-of-js-0.2.0.tgz",
      "integrity": "sha512-KyZs6LInxiEwNmZc2grnKaf0Xb1+AKDpZ1b6uR3V8/sdS2ULV7Z5DSZ4wGGrZsXUgX7WIL03b4zk+VpChtRC4w==",
      "license": "ISC"
    },
    "node_modules/color-pen": {
      "version": "2.0.2",
      "resolved": "https://registry.npmjs.org/color-pen/-/color-pen-2.0.2.tgz",
      "integrity": "sha512-8GJ+jhVmmC7r2Eeqe4JRoLEhMCykCeRhUR0gPfw3fPzAVBT6VnxBSsGq0GljpXlW4TlvkHwHO8yWQlOmkRXgCQ==",
      "license": "MIT",
      "dependencies": {
        "@color-pen/static": ">=0.0.1 <1.0.0",
        "a-js-tools": ">=0.6.1 <1.0.0",
        "a-type-of-js": ">=0.2.0 <1.0.0"
      },
      "engines": {
        "node": ">=12.0.0"
      }
    }
  }
}
